
Microsoft Visual Studio Solution File, Format Version 12.00
# Visual Studio Version 16
VisualStudioVersion = 16.0.28803.156
MinimumVisualStudioVersion = 10.0.40219.1
Project("{FAE04EC0-301F-11D3-BF4B-00C04F79EFBC}") = "EFCoreDAL", "EFCoreDAL\EFCoreDAL.csproj", "{8160EEE3-0CCA-4C6F-9C49-B6DC6B345A90}"
EndProject
Global
	GlobalSection(SolutionConfigurationPlatforms) = preSolution
		Debug|Any CPU = Debug|Any CPU
		Release|Any CPU = Release|Any CPU
	EndGlobalSection
	GlobalSection(ProjectConfigurationPlatforms) = postSolution
		{8160EEE3-0CCA-4C6F-9C49-B6DC6B345A90}.Debug|Any CPU.ActiveCfg = Debug|Any CPU
		{8160EEE3-0CCA-4C6F-9C49-B6DC6B345A90}.Debug|Any CPU.Build.0 = Debug|Any CPU
		{8160EEE3-0CCA-4C6F-9C49-B6DC6B345A90}.Release|Any CPU.ActiveCfg = Release|Any CPU
		{8160EEE3-0CCA-4C6F-9C49-B6DC6B345A90}.Release|Any CPU.Build.0 = Release|Any CPU
	EndGlobalSection
	GlobalSection(SolutionProperties) = preSolution
		HideSolutionNode = FALSE
	EndGlobalSection
	GlobalSection(ExtensibilityGlobals) = postSolution
		SolutionGuid = {1D4953E0-9F61-4F1A-B493-A88D3BA01267}
	EndGlobalSection
EndGlobal
